// !$*UTF8*$!
{
	archiveVersion = 1;
	classes = {
	};
	objectVersion = 56;
	objects = {

/* Begin PBXBuildFile section */
		6BE60D3E29F5D9E3004CBEB6 /* AppDelegate.swift in Sources */ = {isa = PBXBuildFile; fileRef = 6BE60D3D29F5D9E3004CBEB6 /* AppDelegate.swift */; };
		6BE60D4029F5D9E3004CBEB6 /* SceneDelegate.swift in Sources */ = {isa = PBXBuildFile; fileRef = 6BE60D3F29F5D9E3004CBEB6 /* SceneDelegate.swift */; };
		6BE60D4229F5D9E3004CBEB6 /* ViewController.swift in Sources */ = {isa = PBXBuildFile; fileRef = 6BE60D4129F5D9E3004CBEB6 /* ViewController.swift */; };
		6BE60D4529F5D9E3004CBEB6 /* Main.storyboard in Resources */ = {isa = PBXBuildFile; fileRef = 6BE60D4329F5D9E3004CBEB6 /* Main.storyboard */; };
		6BE60D4829F5D9E3004CBEB6 /* Basic_Firebase_App.xcdatamodeld in Sources */ = {isa = PBXBuildFile; fileRef = 6BE60D4629F5D9E3004CBEB6 /* Basic_Firebase_App.xcdatamodeld */; };
		6BE60D4A29F5D9E4004CBEB6 /* Assets.xcassets in Resources */ = {isa = PBXBuildFile; fileRef = 6BE60D4929F5D9E4004CBEB6 /* Assets.xcassets */; };
		6BE60D4D29F5D9E4004CBEB6 /* LaunchScreen.storyboard in Resources */ = {isa = PBXBuildFile; fileRef = 6BE60D4B29F5D9E4004CBEB6 /* LaunchScreen.storyboard */; };
		6BE60D5829F5D9E4004CBEB6 /* Basic_Firebase_AppTests.swift in Sources */ = {isa = PBXBuildFile; fileRef = 6BE60D5729F5D9E4004CBEB6 /* Basic_Firebase_AppTests.swift */; };
		6BE60D6229F5D9E4004CBEB6 /* Basic_Firebase_AppUITests.swift in Sources */ = {isa = PBXBuildFile; fileRef = 6BE60D6129F5D9E4004CBEB6 /* Basic_Firebase_AppUITests.swift */; };
		6BE60D6429F5D9E4004CBEB6 /* Basic_Firebase_AppUITestsLaunchTests.swift in Sources */ = {isa = PBXBuildFile; fileRef = 6BE60D6329F5D9E4004CBEB6 /* Basic_Firebase_AppUITestsLaunchTests.swift */; };
/* End PBXBuildFile section */

/* Begin PBXContainerItemProxy section */
		6BE60D5429F5D9E4004CBEB6 /* PBXContainerItemProxy */ = {
			isa = PBXContainerItemProxy;
			containerPortal = 6BE60D3229F5D9E3004CBEB6 /* Project object */;
			proxyType = 1;
			remoteGlobalIDString = 6BE60D3929F5D9E3004CBEB6;
			remoteInfo = "Basic Firebase App";
		};
		6BE60D5E29F5D9E4004CBEB6 /* PBXContainerItemProxy */ = {
			isa = PBXContainerItemProxy;
			containerPortal = 6BE60D3229F5D9E3004CBEB6 /* Project object */;
			proxyType = 1;
			remoteGlobalIDString = 6BE60D3929F5D9E3004CBEB6;
			remoteInfo = "Basic Firebase App";
		};
/* End PBXContainerItemProxy section */

/* Begin PBXFileReference section */
		6BE60D3A29F5D9E3004CBEB6 /* Basic Firebase App.app */ = {isa = PBXFileReference; explicitFileType = wrapper.application; includeInIndex = 0; path = "Basic Firebase App.app"; sourceTree = BUILT_PRODUCTS_DIR; };
		6BE60D3D29F5D9E3004CBEB6 /* AppDelegate.swift */ = {isa = PBXFileReference; lastKnownFileType = sourcecode.swift; path = AppDelegate.swift; sourceTree = "<group>"; };
		6BE60D3F29F5D9E3004CBEB6 /* SceneDelegate.swift */ = {isa = PBXFileReference; lastKnownFileType = sourcecode.swift; path = SceneDelegate.swift; sourceTree = "<group>"; };
		6BE60D4129F5D9E3004CBEB6 /* ViewController.swift */ = {isa = PBXFileReference; lastKnownFileType = sourcecode.swift; path = ViewController.swift; sourceTree = "<group>"; };
		6BE60D4429F5D9E3004CBEB6 /* Base */ = {isa = PBXFileReference; lastKnownFileType = file.storyboard; name = Base; path = Base.lproj/Main.storyboard; sourceTree = "<group>"; };
		6BE60D4729F5D9E3004CBEB6 /* Basic_Firebase_App.xcdatamodel */ = {isa = PBXFileReference; lastKnownFileType = wrapper.xcdatamodel; path = Basic_Firebase_App.xcdatamodel; sourceTree = "<group>"; };
		6BE60D4929F5D9E4004CBEB6 /* Assets.xcassets */ = {isa = PBXFileReference; lastKnownFileType = folder.assetcatalog; path = Assets.xcassets; sourceTree = "<group>"; };
		6BE60D4C29F5D9E4004CBEB6 /* Base */ = {isa = PBXFileReference; lastKnownFileType = file.storyboard; name = Base; path = Base.lproj/LaunchScreen.storyboard; sourceTree = "<group>"; };
		6BE60D4E29F5D9E4004CBEB6 /* Info.plist */ = {isa = PBXFileReference; lastKnownFileType = text.plist.xml; path = Info.plist; sourceTree = "<group>"; };
		6BE60D5329F5D9E4004CBEB6 /* Basic Firebase AppTests.xctest */ = {isa = PBXFileReference; explicitFileType = wrapper.cfbundle; includeInIndex = 0; path = "Basic Firebase AppTests.xctest"; sourceTree = BUILT_PRODUCTS_DIR; };
		6BE60D5729F5D9E4004CBEB6 /* Basic_Firebase_AppTests.swift */ = {isa = PBXFileReference; lastKnownFileType = sourcecode.swift; path = Basic_Firebase_AppTests.swift; sourceTree = "<group>"; };
		6BE60D5D29F5D9E4004CBEB6 /* Basic Firebase AppUITests.xctest */ = {isa = PBXFileReference; explicitFileType = wrapper.cfbundle; includeInIndex = 0; path = "Basic Firebase AppUITests.xctest"; sourceTree = BUILT_PRODUCTS_DIR; };
		6BE60D6129F5D9E4004CBEB6 /* Basic_Firebase_AppUITests.swift */ = {isa = PBXFileReference; lastKnownFileType = sourcecode.swift; path = Basic_Firebase_AppUITests.swift; sourceTree = "<group>"; };
		6BE60D6329F5D9E4004CBEB6 /* Basic_Firebase_AppUITestsLaunchTests.swift */ = {isa = PBXFileReference; lastKnownFileType = sourcecode.swift; path = Basic_Firebase_AppUITestsLaunchTests.swift; sourceTree = "<group>"; };
/* End PBXFileReference section */

/* Begin PBXFrameworksBuildPhase section */
		6BE60D3729F5D9E3004CBEB6 /* Frameworks */ = {
			isa = PBXFrameworksBuildPhase;
			buildActionMask = 2147483647;
			files = (
			);
			runOnlyForDeploymentPostprocessing = 0;
		};
		6BE60D5029F5D9E4004CBEB6 /* Frameworks */ = {
			isa = PBXFrameworksBuildPhase;
			buildActionMask = 2147483647;
			files = (
			);
			runOnlyForDeploymentPostprocessing = 0;
		};
		6BE60D5A29F5D9E4004CBEB6 /* Frameworks */ = {
			isa = PBXFrameworksBuildPhase;
			buildActionMask = 2147483647;
			files = (
			);
			runOnlyForDeploymentPostprocessing = 0;
		};
/* End PBXFrameworksBuildPhase section */

/* Begin PBXGroup section */
		6BE60D3129F5D9E3004CBEB6 = {
			isa = PBXGroup;
			children = (
				6BE60D3C29F5D9E3004CBEB6 /* Basic Firebase App */,
				6BE60D5629F5D9E4004CBEB6 /* Basic Firebase AppTests */,
				6BE60D6029F5D9E4004CBEB6 /* Basic Firebase AppUITests */,
				6BE60D3B29F5D9E3004CBEB6 /* Products */,
			);
			sourceTree = "<group>";
		};
		6BE60D3B29F5D9E3004CBEB6 /* Products */ = {
			isa = PBXGroup;
			children = (
				6BE60D3A29F5D9E3004CBEB6 /* Basic Firebase App.app */,
				6BE60D5329F5D9E4004CBEB6 /* Basic Firebase AppTests.xctest */,
				6BE60D5D29F5D9E4004CBEB6 /* Basic Firebase AppUITests.xctest */,
			);
			name = Products;
			sourceTree = "<group>";
		};
		6BE60D3C29F5D9E3004CBEB6 /* Basic Firebase App */ = {
			isa = PBXGroup;
			children = (
				6BE60D3D29F5D9E3004CBEB6 /* AppDelegate.swift */,
				6BE60D3F29F5D9E3004CBEB6 /* SceneDelegate.swift */,
				6BE60D4129F5D9E3004CBEB6 /* ViewController.swift */,
				6BE60D4329F5D9E3004CBEB6 /* Main.storyboard */,
				6BE60D4929F5D9E4004CBEB6 /* Assets.xcassets */,
				6BE60D4B29F5D9E4004CBEB6 /* LaunchScreen.storyboard */,
				6BE60D4E29F5D9E4004CBEB6 /* Info.plist */,
				6BE60D4629F5D9E3004CBEB6 /* Basic_Firebase_App.xcdatamodeld */,
			);
			path = "Basic Firebase App";
			sourceTree = "<group>";
		};
		6BE60D5629F5D9E4004CBEB6 /* Basic Firebase AppTests */ = {
			isa = PBXGroup;
			children = (
				6BE60D5729F5D9E4004CBEB6 /* Basic_Firebase_AppTests.swift */,
			);
			path = "Basic Firebase AppTests";
			sourceTree = "<group>";
		};
		6BE60D6029F5D9E4004CBEB6 /* Basic Firebase AppUITests */ = {
			isa = PBXGroup;
			children = (
				6BE60D6129F5D9E4004CBEB6 /* Basic_Firebase_AppUITests.swift */,
				6BE60D6329F5D9E4004CBEB6 /* Basic_Firebase_AppUITestsLaunchTests.swift */,
			);
			path = "Basic Firebase AppUITests";
			sourceTree = "<group>";
		};
/* End PBXGroup section */

/* Begin PBXNativeTarget section */
		6BE60D3929F5D9E3004CBEB6 /* Basic Firebase App */ = {
			isa = PBXNativeTarget;
			buildConfigurationList = 6BE60D6729F5D9E4004CBEB6 /* Build configuration list for PBXNativeTarget "Basic Firebase App" */;
			buildPhases = (
				6BE60D3629F5D9E3004CBEB6 /* Sources */,
				6BE60D3729F5D9E3004CBEB6 /* Frameworks */,
				6BE60D3829F5D9E3004CBEB6 /* Resources */,
			);
			buildRules = (
			);
			dependencies = (
			);
			name = "Basic Firebase App";
			productName = "Basic Firebase App";
			productReference = 6BE60D3A29F5D9E3004CBEB6 /* Basic Firebase App.app */;
			productType = "com.apple.product-type.application";
		};
		6BE60D5229F5D9E4004CBEB6 /* Basic Firebase AppTests */ = {
			isa = PBXNativeTarget;
			buildConfigurationList = 6BE60D6A29F5D9E4004CBEB6 /* Build configuration list for PBXNativeTarget "Basic Firebase AppTests" */;
			buildPhases = (
				6BE60D4F29F5D9E4004CBEB6 /* Sources */,
				6BE60D5029F5D9E4004CBEB6 /* Frameworks */,
				6BE60D5129F5D9E4004CBEB6 /* Resources */,
			);
			buildRules = (
			);
			dependencies = (
				6BE60D5529F5D9E4004CBEB6 /* PBXTargetDependency */,
			);
			name = "Basic Firebase AppTests";
			productName = "Basic Firebase AppTests";
			productReference = 6BE60D5329F5D9E4004CBEB6 /* Basic Firebase AppTests.xctest */;
			productType = "com.apple.product-type.bundle.unit-test";
		};
		6BE60D5C29F5D9E4004CBEB6 /* Basic Firebase AppUITests */ = {
			isa = PBXNativeTarget;
			buildConfigurationList = 6BE60D6D29F5D9E4004CBEB6 /* Build configuration list for PBXNativeTarget "Basic Firebase AppUITests" */;
			buildPhases = (
				6BE60D5929F5D9E4004CBEB6 /* Sources */,
				6BE60D5A29F5D9E4004CBEB6 /* Frameworks */,
				6BE60D5B29F5D9E4004CBEB6 /* Resources */,
			);
			buildRules = (
			);
			dependencies = (
				6BE60D5F29F5D9E4004CBEB6 /* PBXTargetDependency */,
			);
			name = "Basic Firebase AppUITests";
			productName = "Basic Firebase AppUITests";
			productReference = 6BE60D5D29F5D9E4004CBEB6 /* Basic Firebase AppUITests.xctest */;
			productType = "com.apple.product-type.bundle.ui-testing";
		};
/* End PBXNativeTarget section */

/* Begin PBXProject section */
		6BE60D3229F5D9E3004CBEB6 /* Project object */ = {
			isa = PBXProject;
			attributes = {
				BuildIndependentTargetsInParallel = 1;
				LastSwiftUpdateCheck = 1430;
				LastUpgradeCheck = 1430;
				TargetAttributes = {
					6BE60D3929F5D9E3004CBEB6 = {
						CreatedOnToolsVersion = 14.3;
					};
					6BE60D5229F5D9E4004CBEB6 = {
						CreatedOnToolsVersion = 14.3;
						TestTargetID = 6BE60D3929F5D9E3004CBEB6;
					};
					6BE60D5C29F5D9E4004CBEB6 = {
						CreatedOnToolsVersion = 14.3;
						TestTargetID = 6BE60D3929F5D9E3004CBEB6;
					};
				};
			};
			buildConfigurationList = 6BE60D3529F5D9E3004CBEB6 /* Build configuration list for PBXProject "Basic Firebase App" */;
			compatibilityVersion = "Xcode 14.0";
			developmentRegion = en;
			hasScannedForEncodings = 0;
			knownRegions = (
				en,
				Base,
			);
			mainGroup = 6BE60D3129F5D9E3004CBEB6;
			productRefGroup = 6BE60D3B29F5D9E3004CBEB6 /* Products */;
			projectDirPath = "";
			projectRoot = "";
			targets = (
				6BE60D3929F5D9E3004CBEB6 /* Basic Firebase App */,
				6BE60D5229F5D9E4004CBEB6 /* Basic Firebase AppTests */,
				6BE60D5C29F5D9E4004CBEB6 /* Basic Firebase AppUITests */,
			);
		};
/* End PBXProject section */

/* Begin PBXResourcesBuildPhase section */
		6BE60D3829F5D9E3004CBEB6 /* Resources */ = {
			isa = PBXResourcesBuildPhase;
			buildActionMask = 2147483647;
			files = (
				6BE60D4D29F5D9E4004CBEB6 /* LaunchScreen.storyboard in Resources */,
				6BE60D4A29F5D9E4004CBEB6 /* Assets.xcassets in Resources */,
				6BE60D4529F5D9E3004CBEB6 /* Main.storyboard in Resources */,
			);
			runOnlyForDeploymentPostprocessing = 0;
		};
		6BE60D5129F5D9E4004CBEB6 /* Resources */ = {
			isa = PBXResourcesBuildPhase;
			buildActionMask = 2147483647;
			files = (
			);
			runOnlyForDeploymentPostprocessing = 0;
		};
		6BE60D5B29F5D9E4004CBEB6 /* Resources */ = {
			isa = PBXResourcesBuildPhase;
			buildActionMask = 2147483647;
			files = (
			);
			runOnlyForDeploymentPostprocessing = 0;
		};
/* End PBXResourcesBuildPhase section */

/* Begin PBXSourcesBuildPhase section */
		6BE60D3629F5D9E3004CBEB6 /* Sources */ = {
			isa = PBXSourcesBuildPhase;
			buildActionMask = 2147483647;
			files = (
				6BE60D4229F5D9E3004CBEB6 /* ViewController.swift in Sources */,
				6BE60D4829F5D9E3004CBEB6 /* Basic_Firebase_App.xcdatamodeld in Sources */,
				6BE60D3E29F5D9E3004CBEB6 /* AppDelegate.swift in Sources */,
				6BE60D4029F5D9E3004CBEB6 /* SceneDelegate.swift in Sources */,
			);
			runOnlyForDeploymentPostprocessing = 0;
		};
		6BE60D4F29F5D9E4004CBEB6 /* Sources */ = {
			isa = PBXSourcesBuildPhase;
			buildActionMask = 2147483647;
			files = (
				6BE60D5829F5D9E4004CBEB6 /* Basic_Firebase_AppTests.swift in Sources */,
			);
			runOnlyForDeploymentPostprocessing = 0;
		};
		6BE60D5929F5D9E4004CBEB6 /* Sources */ = {
			isa = PBXSourcesBuildPhase;
			buildActionMask = 2147483647;
			files = (
				6BE60D6429F5D9E4004CBEB6 /* Basic_Firebase_AppUITestsLaunchTests.swift in Sources */,
				6BE60D6229F5D9E4004CBEB6 /* Basic_Firebase_AppUITests.swift in Sources */,
			);
			runOnlyForDeploymentPostprocessing = 0;
		};
/* End PBXSourcesBuildPhase section */

/* Begin PBXTargetDependency section */
		6BE60D5529F5D9E4004CBEB6 /* PBXTargetDependency */ = {
			isa = PBXTargetDependency;
			target = 6BE60D3929F5D9E3004CBEB6 /* Basic Firebase App */;
			targetProxy = 6BE60D5429F5D9E4004CBEB6 /* PBXContainerItemProxy */;
		};
		6BE60D5F29F5D9E4004CBEB6 /* PBXTargetDependency */ = {
			isa = PBXTargetDependency;
			target = 6BE60D3929F5D9E3004CBEB6 /* Basic Firebase App */;
			targetProxy = 6BE60D5E29F5D9E4004CBEB6 /* PBXContainerItemProxy */;
		};
/* End PBXTargetDependency section */

/* Begin PBXVariantGroup section */
		6BE60D4329F5D9E3004CBEB6 /* Main.storyboard */ = {
			isa = PBXVariantGroup;
			children = (
				6BE60D4429F5D9E3004CBEB6 /* Base */,
			);
			name = Main.storyboard;
			sourceTree = "<group>";
		};
		6BE60D4B29F5D9E4004CBEB6 /* LaunchScreen.storyboard */ = {
			isa = PBXVariantGroup;
			children = (
				6BE60D4C29F5D9E4004CBEB6 /* Base */,
			);
			name = LaunchScreen.storyboard;
			sourceTree = "<group>";
		};
/* End PBXVariantGroup section */

/* Begin XCBuildConfiguration section */
		6BE60D6529F5D9E4004CBEB6 /* Debug */ = {
			isa = XCBuildConfiguration;
			buildSettings = {
				ALWAYS_SEARCH_USER_PATHS = NO;
				CLANG_ANALYZER_NONNULL = YES;
				CLANG_ANALYZER_NUMBER_OBJECT_CONVERSION = YES_AGGRESSIVE;
				CLANG_CXX_LANGUAGE_STANDARD = "gnu++20";
				CLANG_ENABLE_MODULES = YES;
				CLANG_ENABLE_OBJC_ARC = YES;
				CLANG_ENABLE_OBJC_WEAK = YES;
				CLANG_WARN_BLOCK_CAPTURE_AUTORELEASING = YES;
				CLANG_WARN_BOOL_CONVERSION = YES;
				CLANG_WARN_COMMA = YES;
				CLANG_WARN_CONSTANT_CONVERSION = YES;
				CLANG_WARN_DEPRECATED_OBJC_IMPLEMENTATIONS = YES;
				CLANG_WARN_DIRECT_OBJC_ISA_USAGE = YES_ERROR;
				CLANG_WARN_DOCUMENTATION_COMMENTS = YES;
				CLANG_WARN_EMPTY_BODY = YES;
				CLANG_WARN_ENUM_CONVERSION = YES;
				CLANG_WARN_INFINITE_RECURSION = YES;
				CLANG_WARN_INT_CONVERSION = YES;
				CLANG_WARN_NON_LITERAL_NULL_CONVERSION = YES;
				CLANG_WARN_OBJC_IMPLICIT_RETAIN_SELF = YES;
				CLANG_WARN_OBJC_LITERAL_CONVERSION = YES;
				CLANG_WARN_OBJC_ROOT_CLASS = YES_ERROR;
				CLANG_WARN_QUOTED_INCLUDE_IN_FRAMEWORK_HEADER = YES;
				CLANG_WARN_RANGE_LOOP_ANALYSIS = YES;
				CLANG_WARN_STRICT_PROTOTYPES = YES;
				CLANG_WARN_SUSPICIOUS_MOVE = YES;
				CLANG_WARN_UNGUARDED_AVAILABILITY = YES_AGGRESSIVE;
				CLANG_WARN_UNREACHABLE_CODE = YES;
				CLANG_WARN__DUPLICATE_METHOD_MATCH = YES;
				COPY_PHASE_STRIP = NO;
				DEBUG_INFORMATION_FORMAT = dwarf;
				ENABLE_STRICT_OBJC_MSGSEND = YES;
				ENABLE_TESTABILITY = YES;
				GCC_C_LANGUAGE_STANDARD = gnu11;
				GCC_DYNAMIC_NO_PIC = NO;
				GCC_NO_COMMON_BLOCKS = YES;
				GCC_OPTIMIZATION_LEVEL = 0;
				GCC_PREPROCESSOR_DEFINITIONS = (
					"DEBUG=1",
					"$(inherited)",
				);
				GCC_WARN_64_TO_32_BIT_CONVERSION = YES;
				GCC_WARN_ABOUT_RETURN_TYPE = YES_ERROR;
				GCC_WARN_UNDECLARED_SELECTOR = YES;
				GCC_WARN_UNINITIALIZED_AUTOS = YES_AGGRESSIVE;
				GCC_WARN_UNUSED_FUNCTION = YES;
				GCC_WARN_UNUSED_VARIABLE = YES;
				IPHONEOS_DEPLOYMENT_TARGET = 16.4;
				MTL_ENABLE_DEBUG_INFO = INCLUDE_SOURCE;
				MTL_FAST_MATH = YES;
				ONLY_ACTIVE_ARCH = YES;
				SDKROOT = iphoneos;
				SWIFT_ACTIVE_COMPILATION_CONDITIONS = DEBUG;
				SWIFT_OPTIMIZATION_LEVEL = "-Onone";
			};
			name = Debug;
		};
		6BE60D6629F5D9E4004CBEB6 /* Release */ = {
			isa = XCBuildConfiguration;
			buildSettings = {
				ALWAYS_SEARCH_USER_PATHS = NO;
				CLANG_ANALYZER_NONNULL = YES;
				CLANG_ANALYZER_NUMBER_OBJECT_CONVERSION = YES_AGGRESSIVE;
				CLANG_CXX_LANGUAGE_STANDARD = "gnu++20";
				CLANG_ENABLE_MODULES = YES;
				CLANG_ENABLE_OBJC_ARC = YES;
				CLANG_ENABLE_OBJC_WEAK = YES;
				CLANG_WARN_BLOCK_CAPTURE_AUTORELEASING = YES;
				CLANG_WARN_BOOL_CONVERSION = YES;
				CLANG_WARN_COMMA = YES;
				CLANG_WARN_CONSTANT_CONVERSION = YES;
				CLANG_WARN_DEPRECATED_OBJC_IMPLEMENTATIONS = YES;
				CLANG_WARN_DIRECT_OBJC_ISA_USAGE = YES_ERROR;
				CLANG_WARN_DOCUMENTATION_COMMENTS = YES;
				CLANG_WARN_EMPTY_BODY = YES;
				CLANG_WARN_ENUM_CONVERSION = YES;
				CLANG_WARN_INFINITE_RECURSION = YES;
				CLANG_WARN_INT_CONVERSION = YES;
				CLANG_WARN_NON_LITERAL_NULL_CONVERSION = YES;
				CLANG_WARN_OBJC_IMPLICIT_RETAIN_SELF = YES;
				CLANG_WARN_OBJC_LITERAL_CONVERSION = YES;
				CLANG_WARN_OBJC_ROOT_CLASS = YES_ERROR;
				CLANG_WARN_QUOTED_INCLUDE_IN_FRAMEWORK_HEADER = YES;
				CLANG_WARN_RANGE_LOOP_ANALYSIS = YES;
				CLANG_WARN_STRICT_PROTOTYPES = YES;
				CLANG_WARN_SUSPICIOUS_MOVE = YES;
				CLANG_WARN_UNGUARDED_AVAILABILITY = YES_AGGRESSIVE;
				CLANG_WARN_UNREACHABLE_CODE = YES;
				CLANG_WARN__DUPLICATE_METHOD_MATCH = YES;
				COPY_PHASE_STRIP = NO;
				DEBUG_INFORMATION_FORMAT = "dwarf-with-dsym";
				ENABLE_NS_ASSERTIONS = NO;
				ENABLE_STRICT_OBJC_MSGSEND = YES;
				GCC_C_LANGUAGE_STANDARD = gnu11;
				GCC_NO_COMMON_BLOCKS = YES;
				GCC_WARN_64_TO_32_BIT_CONVERSION = YES;
				GCC_WARN_ABOUT_RETURN_TYPE = YES_ERROR;
				GCC_WARN_UNDECLARED_SELECTOR = YES;
				GCC_WARN_UNINITIALIZED_AUTOS = YES_AGGRESSIVE;
				GCC_WARN_UNUSED_FUNCTION = YES;
				GCC_WARN_UNUSED_VARIABLE = YES;
				IPHONEOS_DEPLOYMENT_TARGET = 16.4;
				MTL_ENABLE_DEBUG_INFO = NO;
				MTL_FAST_MATH = YES;
				SDKROOT = iphoneos;
				SWIFT_COMPILATION_MODE = wholemodule;
				SWIFT_OPTIMIZATION_LEVEL = "-O";
				VALIDATE_PRODUCT = YES;
			};
			name = Release;
		};
		6BE60D6829F5D9E4004CBEB6 /* Debug */ = {
			isa = XCBuildConfiguration;
			buildSettings = {
				ASSETCATALOG_COMPILER_APPICON_NAME = AppIcon;
				ASSETCATALOG_COMPILER_GLOBAL_ACCENT_COLOR_NAME = AccentColor;
				CODE_SIGN_STYLE = Automatic;
				CURRENT_PROJECT_VERSION = 1;
				GENERATE_INFOPLIST_FILE = YES;
				INFOPLIST_FILE = "Basic Firebase App/Info.plist";
				INFOPLIST_KEY_UIApplicationSupportsIndirectInputEvents = YES;
				INFOPLIST_KEY_UILaunchStoryboardName = LaunchScreen;
				INFOPLIST_KEY_UIMainStoryboardFile = Main;
				INFOPLIST_KEY_UISupportedInterfaceOrientations_iPad = "UIInterfaceOrientationPortrait UIInterfaceOrientationPortraitUpsideDown UIInterfaceOrientationLandscapeLeft UIInterfaceOrientationLandscapeRight";
				INFOPLIST_KEY_UISupportedInterfaceOrientations_iPhone = "UIInterfaceOrientationPortrait UIInterfaceOrientationLandscapeLeft UIInterfaceOrientationLandscapeRight";
				LD_RUNPATH_SEARCH_PATHS = (
					"$(inherited)",
					"@executable_path/Frameworks",
				);
				MARKETING_VERSION = 1.0;
				PRODUCT_BUNDLE_IDENTIFIER = "clc.Basic-Firebase-App";
				PRODUCT_NAME = "$(TARGET_NAME)";
				SWIFT_EMIT_LOC_STRINGS = YES;
				SWIFT_VERSION = 5.0;
				TARGETED_DEVICE_FAMILY = "1,2";
			};
			name = Debug;
		};
		6BE60D6929F5D9E4004CBEB6 /* Release */ = {
			isa = XCBuildConfiguration;
			buildSettings = {
				ASSETCATALOG_COMPILER_APPICON_NAME = AppIcon;
				ASSETCATALOG_COMPILER_GLOBAL_ACCENT_COLOR_NAME = AccentColor;
				CODE_SIGN_STYLE = Automatic;
				CURRENT_PROJECT_VERSION = 1;
				GENERATE_INFOPLIST_FILE = YES;
				INFOPLIST_FILE = "Basic Firebase App/Info.plist";
				INFOPLIST_KEY_UIApplicationSupportsIndirectInputEvents = YES;
				INFOPLIST_KEY_UILaunchStoryboardName = LaunchScreen;
				INFOPLIST_KEY_UIMainStoryboardFile = Main;
				INFOPLIST_KEY_UISupportedInterfaceOrientations_iPad = "UIInterfaceOrientationPortrait UIInterfaceOrientationPortraitUpsideDown UIInterfaceOrientationLandscapeLeft UIInterfaceOrientationLandscapeRight";
				INFOPLIST_KEY_UISupportedInterfaceOrientations_iPhone = "UIInterfaceOrientationPortrait UIInterfaceOrientationLandscapeLeft UIInterfaceOrientationLandscapeRight";
				LD_RUNPATH_SEARCH_PATHS = (
					"$(inherited)",
					"@executable_path/Frameworks",
				);
				MARKETING_VERSION = 1.0;
				PRODUCT_BUNDLE_IDENTIFIER = "clc.Basic-Firebase-App";
				PRODUCT_NAME = "$(TARGET_NAME)";
				SWIFT_EMIT_LOC_STRINGS = YES;
				SWIFT_VERSION = 5.0;
				TARGETED_DEVICE_FAMILY = "1,2";
			};
			name = Release;
		};
		6BE60D6B29F5D9E4004CBEB6 /* Debug */ = {
			isa = XCBuildConfiguration;
			buildSettings = {
				ALWAYS_EMBED_SWIFT_STANDARD_LIBRARIES = YES;
				BUNDLE_LOADER = "$(TEST_HOST)";
				CODE_SIGN_STYLE = Automatic;
				CURRENT_PROJECT_VERSION = 1;
				GENERATE_INFOPLIST_FILE = YES;
				IPHONEOS_DEPLOYMENT_TARGET = 16.4;
				MARKETING_VERSION = 1.0;
				PRODUCT_BUNDLE_IDENTIFIER = "clc.Basic-Firebase-AppTests";
				PRODUCT_NAME = "$(TARGET_NAME)";
				SWIFT_EMIT_LOC_STRINGS = NO;
				SWIFT_VERSION = 5.0;
				TARGETED_DEVICE_FAMILY = "1,2";
				TEST_HOST = "$(BUILT_PRODUCTS_DIR)/Basic Firebase App.app/$(BUNDLE_EXECUTABLE_FOLDER_PATH)/Basic Firebase App";
			};
			name = Debug;
		};
		6BE60D6C29F5D9E4004CBEB6 /* Release */ = {
			isa = XCBuildConfiguration;
			buildSettings = {
				ALWAYS_EMBED_SWIFT_STANDARD_LIBRARIES = YES;
				BUNDLE_LOADER = "$(TEST_HOST)";
				CODE_SIGN_STYLE = Automatic;
				CURRENT_PROJECT_VERSION = 1;
				GENERATE_INFOPLIST_FILE = YES;
				IPHONEOS_DEPLOYMENT_TARGET = 16.4;
				MARKETING_VERSION = 1.0;
				PRODUCT_BUNDLE_IDENTIFIER = "clc.Basic-Firebase-AppTests";
				PRODUCT_NAME = "$(TARGET_NAME)";
				SWIFT_EMIT_LOC_STRINGS = NO;
				SWIFT_VERSION = 5.0;
				TARGETED_DEVICE_FAMILY = "1,2";
				TEST_HOST = "$(BUILT_PRODUCTS_DIR)/Basic Firebase App.app/$(BUNDLE_EXECUTABLE_FOLDER_PATH)/Basic Firebase App";
			};
			name = Release;
		};
		6BE60D6E29F5D9E4004CBEB6 /* Debug */ = {
			isa = XCBuildConfiguration;
			buildSettings = {
				ALWAYS_EMBED_SWIFT_STANDARD_LIBRARIES = YES;
				CODE_SIGN_STYLE = Automatic;
				CURRENT_PROJECT_VERSION = 1;
				GENERATE_INFOPLIST_FILE = YES;
				MARKETING_VERSION = 1.0;
				PRODUCT_BUNDLE_IDENTIFIER = "clc.Basic-Firebase-AppUITests";
				PRODUCT_NAME = "$(TARGET_NAME)";
				SWIFT_EMIT_LOC_STRINGS = NO;
				SWIFT_VERSION = 5.0;
				TARGETED_DEVICE_FAMILY = "1,2";
				TEST_TARGET_NAME = "Basic Firebase App";
			};
			name = Debug;
		};
		6BE60D6F29F5D9E4004CBEB6 /* Release */ = {
			isa = XCBuildConfiguration;
			buildSettings = {
				ALWAYS_EMBED_SWIFT_STANDARD_LIBRARIES = YES;
				CODE_SIGN_STYLE = Automatic;
				CURRENT_PROJECT_VERSION = 1;
				GENERATE_INFOPLIST_FILE = YES;
				MARKETING_VERSION = 1.0;
				PRODUCT_BUNDLE_IDENTIFIER = "clc.Basic-Firebase-AppUITests";
				PRODUCT_NAME = "$(TARGET_NAME)";
				SWIFT_EMIT_LOC_STRINGS = NO;
				SWIFT_VERSION = 5.0;
				TARGETED_DEVICE_FAMILY = "1,2";
				TEST_TARGET_NAME = "Basic Firebase App";
			};
			name = Release;
		};
/* End XCBuildConfiguration section */

/* Begin XCConfigurationList section */
		6BE60D3529F5D9E3004CBEB6 /* Build configuration list for PBXProject "Basic Firebase App" */ = {
			isa = XCConfigurationList;
			buildConfigurations = (
				6BE60D6529F5D9E4004CBEB6 /* Debug */,
				6BE60D6629F5D9E4004CBEB6 /* Release */,
			);
			defaultConfigurationIsVisible = 0;
			defaultConfigurationName = Release;
		};
		6BE60D6729F5D9E4004CBEB6 /* Build configuration list for PBXNativeTarget "Basic Firebase App" */ = {
			isa = XCConfigurationList;
			buildConfigurations = (
				6BE60D6829F5D9E4004CBEB6 /* Debug */,
				6BE60D6929F5D9E4004CBEB6 /* Release */,
			);
			defaultConfigurationIsVisible = 0;
			defaultConfigurationName = Release;
		};
		6BE60D6A29F5D9E4004CBEB6 /* Build configuration list for PBXNativeTarget "Basic Firebase AppTests" */ = {
			isa = XCConfigurationList;
			buildConfigurations = (
				6BE60D6B29F5D9E4004CBEB6 /* Debug */,
				6BE60D6C29F5D9E4004CBEB6 /* Release */,
			);
			defaultConfigurationIsVisible = 0;
			defaultConfigurationName = Release;
		};
		6BE60D6D29F5D9E4004CBEB6 /* Build configuration list for PBXNativeTarget "Basic Firebase AppUITests" */ = {
			isa = XCConfigurationList;
			buildConfigurations = (
				6BE60D6E29F5D9E4004CBEB6 /* Debug */,
				6BE60D6F29F5D9E4004CBEB6 /* Release */,
			);
			defaultConfigurationIsVisible = 0;
			defaultConfigurationName = Release;
		};
/* End XCConfigurationList section */

/* Begin XCVersionGroup section */
		6BE60D4629F5D9E3004CBEB6 /* Basic_Firebase_App.xcdatamodeld */ = {
			isa = XCVersionGroup;
			children = (
				6BE60D4729F5D9E3004CBEB6 /* Basic_Firebase_App.xcdatamodel */,
			);
			currentVersion = 6BE60D4729F5D9E3004CBEB6 /* Basic_Firebase_App.xcdatamodel */;
			path = Basic_Firebase_App.xcdatamodeld;
			sourceTree = "<group>";
			versionGroupType = wrapper.xcdatamodel;
		};
/* End XCVersionGroup section */
	};
	rootObject = 6BE60D3229F5D9E3004CBEB6 /* Project object */;
}
